
Microsoft Visual Studio Solution File, Format Version 12.00
# Visual Studio 15
VisualStudioVersion = 15.0.28307.106
MinimumVisualStudioVersion = 10.0.40219.1
Project("{FAE04EC0-301F-11D3-BF4B-00C04F79EFBC}") = "GGTech_QuanLyCoSoGietMo", "GGTech_QuanLyCoSoGietMo\GGTech_QuanLyCoSoGietMo.csproj", "{FAECAAB7-4A6A-40B8-A10E-EB1A2126ADCE}"
EndProject
Global
	GlobalSection(SolutionConfigurationPlatforms) = preSolution
		Debug|Any CPU = Debug|Any CPU
		Release|Any CPU = Release|Any CPU
	EndGlobalSection
	GlobalSection(ProjectConfigurationPlatforms) = postSolution
		{FAECAAB7-4A6A-40B8-A10E-EB1A2126ADCE}.Debug|Any CPU.ActiveCfg = Debug|Any CPU
		{FAECAAB7-4A6A-40B8-A10E-EB1A2126ADCE}.Debug|Any CPU.Build.0 = Debug|Any CPU
		{FAECAAB7-4A6A-40B8-A10E-EB1A2126ADCE}.Release|Any CPU.ActiveCfg = Release|Any CPU
		{FAECAAB7-4A6A-40B8-A10E-EB1A2126ADCE}.Release|Any CPU.Build.0 = Release|Any CPU
	EndGlobalSection
	GlobalSection(SolutionProperties) = preSolution
		HideSolutionNode = FALSE
	EndGlobalSection
	GlobalSection(ExtensibilityGlobals) = postSolution
		SolutionGuid = {9BB7A50B-CA21-41BF-81A7-CCBF1B1E8914}
	EndGlobalSection
EndGlobal
